
Microsoft Visual Studio Solution File, Format Version 12.00
# Visual Studio Version 16
VisualStudioVersion = 16.0.31129.286
MinimumVisualStudioVersion = 10.0.40219.1
Project("{FAE04EC0-301F-11D3-BF4B-00C04F79EFBC}") = "PortalGrupMvcProject", "PortalGrupMvcProject\PortalGrupMvcProject.csproj", "{3EEA5C2B-92C0-4B46-8904-EC12F9379ED6}"
EndProject
Global
	GlobalSection(SolutionConfigurationPlatforms) = preSolution
		Debug|Any CPU = Debug|Any CPU
		Release|Any CPU = Release|Any CPU
	EndGlobalSection
	GlobalSection(ProjectConfigurationPlatforms) = postSolution
		{3EEA5C2B-92C0-4B46-8904-EC12F9379ED6}.Debug|Any CPU.ActiveCfg = Debug|Any CPU
		{3EEA5C2B-92C0-4B46-8904-EC12F9379ED6}.Debug|Any CPU.Build.0 = Debug|Any CPU
		{3EEA5C2B-92C0-4B46-8904-EC12F9379ED6}.Release|Any CPU.ActiveCfg = Release|Any CPU
		{3EEA5C2B-92C0-4B46-8904-EC12F9379ED6}.Release|Any CPU.Build.0 = Release|Any CPU
	EndGlobalSection
	GlobalSection(SolutionProperties) = preSolution
		HideSolutionNode = FALSE
	EndGlobalSection
	GlobalSection(ExtensibilityGlobals) = postSolution
		SolutionGuid = {010B65DB-44FB-4310-9405-B097911615B6}
	EndGlobalSection
EndGlobal
